
Microsoft Visual Studio Solution File, Format Version 12.00
# Visual Studio Version 17
VisualStudioVersion = 17.9.34728.123
MinimumVisualStudioVersion = 10.0.40219.1
Project("{FAE04EC0-301F-11D3-BF4B-00C04F79EFBC}") = "OllamaClient", "OllamaClient.csproj", "{5CCDD824-C832-4BFF-8480-68E4AFB5E7C5}"
EndProject
Global
	GlobalSection(SolutionConfigurationPlatforms) = preSolution
		Debug|Any CPU = Debug|Any CPU
		Release|Any CPU = Release|Any CPU
	EndGlobalSection
	GlobalSection(ProjectConfigurationPlatforms) = postSolution
		{5CCDD824-C832-4BFF-8480-68E4AFB5E7C5}.Debug|Any CPU.ActiveCfg = Debug|Any CPU
		{5CCDD824-C832-4BFF-8480-68E4AFB5E7C5}.Debug|Any CPU.Build.0 = Debug|Any CPU
		{5CCDD824-C832-4BFF-8480-68E4AFB5E7C5}.Release|Any CPU.ActiveCfg = Release|Any CPU
		{5CCDD824-C832-4BFF-8480-68E4AFB5E7C5}.Release|Any CPU.Build.0 = Release|Any CPU
	EndGlobalSection
	GlobalSection(SolutionProperties) = preSolution
		HideSolutionNode = FALSE
	EndGlobalSection
	GlobalSection(ExtensibilityGlobals) = postSolution
		SolutionGuid = {9B2BAD47-A306-4672-A090-42C2F74D3D6B}
	EndGlobalSection
EndGlobal
